
Microsoft Visual Studio Solution File, Format Version 12.00
# Visual Studio Version 17
VisualStudioVersion = 17.6.33723.286
MinimumVisualStudioVersion = 10.0.40219.1
Project("{8BC9CEB8-8B4A-11D0-8D11-00A0C91BC942}") = "NativeAPIProcessList", "NativeAPIProcessList\NativeAPIProcessList.vcxproj", "{96DDE84E-A463-444B-BAD4-9B9B7D5A873F}"
EndProject
Project("{8BC9CEB8-8B4A-11D0-8D11-00A0C91BC942}") = "KernelModuleEnumarationDriver", "KernelModuleEnumarationDriver\KernelModuleEnumarationDriver.vcxproj", "{C01918ED-06ED-4B2F-BDE2-3B7B22958EE2}"
EndProject
Project("{8BC9CEB8-8B4A-11D0-8D11-00A0C91BC942}") = "WindowsPrivilegeDeescalation", "WindowsPrivilegeDeescalation\WindowsPrivilegeDeescalation.vcxproj", "{51E788A7-2D44-4A09-BAC4-9C247AC4AEFD}"
EndProject
Global
	GlobalSection(SolutionConfigurationPlatforms) = preSolution
		Debug|ARM64 = Debug|ARM64
		Debug|x64 = Debug|x64
		Debug|x86 = Debug|x86
		Release|ARM64 = Release|ARM64
		Release|x64 = Release|x64
		Release|x86 = Release|x86
	EndGlobalSection
	GlobalSection(ProjectConfigurationPlatforms) = postSolution
		{96DDE84E-A463-444B-BAD4-9B9B7D5A873F}.Debug|ARM64.ActiveCfg = Debug|x64
		{96DDE84E-A463-444B-BAD4-9B9B7D5A873F}.Debug|ARM64.Build.0 = Debug|x64
		{96DDE84E-A463-444B-BAD4-9B9B7D5A873F}.Debug|x64.ActiveCfg = Debug|x64
		{96DDE84E-A463-444B-BAD4-9B9B7D5A873F}.Debug|x64.Build.0 = Debug|x64
		{96DDE84E-A463-444B-BAD4-9B9B7D5A873F}.Debug|x86.ActiveCfg = Debug|Win32
		{96DDE84E-A463-444B-BAD4-9B9B7D5A873F}.Debug|x86.Build.0 = Debug|Win32
		{96DDE84E-A463-444B-BAD4-9B9B7D5A873F}.Release|ARM64.ActiveCfg = Release|x64
		{96DDE84E-A463-444B-BAD4-9B9B7D5A873F}.Release|ARM64.Build.0 = Release|x64
		{96DDE84E-A463-444B-BAD4-9B9B7D5A873F}.Release|x64.ActiveCfg = Release|x64
		{96DDE84E-A463-444B-BAD4-9B9B7D5A873F}.Release|x64.Build.0 = Release|x64
		{96DDE84E-A463-444B-BAD4-9B9B7D5A873F}.Release|x86.ActiveCfg = Release|Win32
		{96DDE84E-A463-444B-BAD4-9B9B7D5A873F}.Release|x86.Build.0 = Release|Win32
		{C01918ED-06ED-4B2F-BDE2-3B7B22958EE2}.Debug|ARM64.ActiveCfg = Debug|ARM64
		{C01918ED-06ED-4B2F-BDE2-3B7B22958EE2}.Debug|ARM64.Build.0 = Debug|ARM64
		{C01918ED-06ED-4B2F-BDE2-3B7B22958EE2}.Debug|ARM64.Deploy.0 = Debug|ARM64
		{C01918ED-06ED-4B2F-BDE2-3B7B22958EE2}.Debug|x64.ActiveCfg = Debug|x64
		{C01918ED-06ED-4B2F-BDE2-3B7B22958EE2}.Debug|x64.Build.0 = Debug|x64
		{C01918ED-06ED-4B2F-BDE2-3B7B22958EE2}.Debug|x64.Deploy.0 = Debug|x64
		{C01918ED-06ED-4B2F-BDE2-3B7B22958EE2}.Debug|x86.ActiveCfg = Debug|x64
		{C01918ED-06ED-4B2F-BDE2-3B7B22958EE2}.Debug|x86.Build.0 = Debug|x64
		{C01918ED-06ED-4B2F-BDE2-3B7B22958EE2}.Debug|x86.Deploy.0 = Debug|x64
		{C01918ED-06ED-4B2F-BDE2-3B7B22958EE2}.Release|ARM64.ActiveCfg = Release|ARM64
		{C01918ED-06ED-4B2F-BDE2-3B7B22958EE2}.Release|ARM64.Build.0 = Release|ARM64
		{C01918ED-06ED-4B2F-BDE2-3B7B22958EE2}.Release|ARM64.Deploy.0 = Release|ARM64
		{C01918ED-06ED-4B2F-BDE2-3B7B22958EE2}.Release|x64.ActiveCfg = Release|x64
		{C01918ED-06ED-4B2F-BDE2-3B7B22958EE2}.Release|x64.Build.0 = Release|x64
		{C01918ED-06ED-4B2F-BDE2-3B7B22958EE2}.Release|x64.Deploy.0 = Release|x64
		{C01918ED-06ED-4B2F-BDE2-3B7B22958EE2}.Release|x86.ActiveCfg = Release|x64
		{C01918ED-06ED-4B2F-BDE2-3B7B22958EE2}.Release|x86.Build.0 = Release|x64
		{C01918ED-06ED-4B2F-BDE2-3B7B22958EE2}.Release|x86.Deploy.0 = Release|x64
		{51E788A7-2D44-4A09-BAC4-9C247AC4AEFD}.Debug|ARM64.ActiveCfg = Debug|x64
		{51E788A7-2D44-4A09-BAC4-9C247AC4AEFD}.Debug|ARM64.Build.0 = Debug|x64
		{51E788A7-2D44-4A09-BAC4-9C247AC4AEFD}.Debug|x64.ActiveCfg = Debug|x64
		{51E788A7-2D44-4A09-BAC4-9C247AC4AEFD}.Debug|x64.Build.0 = Debug|x64
		{51E788A7-2D44-4A09-BAC4-9C247AC4AEFD}.Debug|x86.ActiveCfg = Debug|Win32
		{51E788A7-2D44-4A09-BAC4-9C247AC4AEFD}.Debug|x86.Build.0 = Debug|Win32
		{51E788A7-2D44-4A09-BAC4-9C247AC4AEFD}.Release|ARM64.ActiveCfg = Release|x64
		{51E788A7-2D44-4A09-BAC4-9C247AC4AEFD}.Release|ARM64.Build.0 = Release|x64
		{51E788A7-2D44-4A09-BAC4-9C247AC4AEFD}.Release|x64.ActiveCfg = Release|x64
		{51E788A7-2D44-4A09-BAC4-9C247AC4AEFD}.Release|x64.Build.0 = Release|x64
		{51E788A7-2D44-4A09-BAC4-9C247AC4AEFD}.Release|x86.ActiveCfg = Release|Win32
		{51E788A7-2D44-4A09-BAC4-9C247AC4AEFD}.Release|x86.Build.0 = Release|Win32
	EndGlobalSection
	GlobalSection(SolutionProperties) = preSolution
		HideSolutionNode = FALSE
	EndGlobalSection
	GlobalSection(ExtensibilityGlobals) = postSolution
		SolutionGuid = {48ABB46B-9089-48A6-8D92-160EA8454AB8}
	EndGlobalSection
EndGlobal
